
Microsoft Visual Studio Solution File, Format Version 12.00
# Visual Studio 15
VisualStudioVersion = 15.0.28010.2019
MinimumVisualStudioVersion = 10.0.40219.1
Project("{8BC9CEB8-8B4A-11D0-8D11-00A0C91BC942}") = "Virtuali Masinas", "Virtuali Masinas\Virtuali Masinas.vcxproj", "{EC05C973-8D75-4969-929B-9151F2745839}"
EndProject
Global
	GlobalSection(SolutionConfigurationPlatforms) = preSolution
		Debug|x64 = Debug|x64
		Debug|x86 = Debug|x86
		Release|x64 = Release|x64
		Release|x86 = Release|x86
	EndGlobalSection
	GlobalSection(ProjectConfigurationPlatforms) = postSolution
		{EC05C973-8D75-4969-929B-9151F2745839}.Debug|x64.ActiveCfg = Debug|x64
		{EC05C973-8D75-4969-929B-9151F2745839}.Debug|x64.Build.0 = Debug|x64
		{EC05C973-8D75-4969-929B-9151F2745839}.Debug|x86.ActiveCfg = Debug|Win32
		{EC05C973-8D75-4969-929B-9151F2745839}.Debug|x86.Build.0 = Debug|Win32
		{EC05C973-8D75-4969-929B-9151F2745839}.Release|x64.ActiveCfg = Release|x64
		{EC05C973-8D75-4969-929B-9151F2745839}.Release|x64.Build.0 = Release|x64
		{EC05C973-8D75-4969-929B-9151F2745839}.Release|x86.ActiveCfg = Release|Win32
		{EC05C973-8D75-4969-929B-9151F2745839}.Release|x86.Build.0 = Release|Win32
	EndGlobalSection
	GlobalSection(SolutionProperties) = preSolution
		HideSolutionNode = FALSE
	EndGlobalSection
	GlobalSection(ExtensibilityGlobals) = postSolution
		SolutionGuid = {4A60155B-D101-4FD4-B0D4-B9121689BC70}
	EndGlobalSection
EndGlobal
